{
  "name": "habitica-webapp",
  "version": "0.1.0",
  "lockfileVersion": 3,
  "requires": true,
  "packages": {
    "": {
      "name": "habitica-webapp",
      "version": "0.1.0",
      "dependencies": {
        "dexie": "4.2.0"
      },
      "engines": {
        "node": "22.x"
      }
    },
    "node_modules/dexie": {
      "version": "4.2.0",
      "resolved": "https://registry.npmjs.org/dexie/-/dexie-4.2.0.tgz",
      "integrity": "sha512-OSeyyWOUetDy9oFWeddJgi83OnRA3hSFh3RrbltmPgqHszE9f24eUCVLI4mPg0ifsWk0lQTdnS+jyGNrPMvhDA==",
      "license": "Apache-2.0"
    }
  }
}
